lockfileVersion: 5.4

importers:

  .:
    specifiers: {}

  workspaces/eggplant/webview:
    specifiers:
      '@types/node': ^20.10.6
      '@wso2-enterprise/eggplant-core': workspace:*
      '@wso2-enterprise/eggplant-diagram': workspace:*
      '@wso2-enterprise/eggplant-overview': workspace:*
      '@wso2-enterprise/eggplant-rpc-client': workspace:*
      '@wso2-enterprise/service-designer-view': workspace:*
      '@wso2-enterprise/ui-toolkit': workspace:*
    dependencies:
      '@wso2-enterprise/eggplant-core': link:../eggplant-core
      '@wso2-enterprise/eggplant-diagram': link:../eggplant-diagram
      '@wso2-enterprise/eggplant-overview': link:../eggplant-overview
      '@wso2-enterprise/eggplant-rpc-client': link:../eggplant-rpc-client
      '@wso2-enterprise/service-designer-view': link:../../ballerina/service-designer-view
      '@wso2-enterprise/ui-toolkit': link:../../common-libs/ui-toolkit
    devDependencies:
      '@types/node': 20.10.6

packages:

  /@types/node/20.10.6:
    resolution: {integrity: sha512-Vac8H+NlRNNlAmDfGUP7b5h/KA+AtWIzuXy0E6OyP8f1tCLYAtPvKRRDJjAPqhpCb0t6U2j7/xqAuLEebW2kiw==}
    dependencies:
      undici-types: 5.26.5
    dev: true

  /undici-types/5.26.5:
    resolution: {integrity: sha512-JlCMO+ehdEIKqlFxk6IfVoAUVmgz7cU7zD/h9XZ0qzeosSHmUJVOzSQvvYSYWXkFXC+IfLKSIffhv0sVZup6pA==}
    dev: true
