{
  "name": "@wso2-enterprise/playwright-vscode-tester",
  "version": "1.0.0",
  "lockfileVersion": 2,
  "requires": true,
  "packages": {
    "": {
      "name": "@wso2-enterprise/playwright-vscode-tester",
      "version": "1.0.0",
      "dependencies": {
        "@playwright/test": "~1.37.0",
        "@vscode/vsce": "~2.20.1",
        "compare-versions": "~6.0.0",
        "fs-extra": "~11.1.1",
        "got": "~13.0.0",
        "hpagent": "~1.2.0",
        "targz": "~1.0.1",
        "unzipper": "~0.10.14"
      },
      "devDependencies": {
        "@types/fs-extra": "~11.0.1",
        "@types/node": "~20.4.7",
        "@types/unzipper": "~0.10.6",
        "@typescript-eslint/eslint-plugin": "~5.48.2",
        "@typescript-eslint/parser": "~5.48.2",
        "typescript": "^4.9.4"
      }
    },
    "../../common/temp/node_modules/.pnpm/@playwright+test@1.37.0/node_modules/@playwright/test": {
      "version": "1.37.0",
      "license": "Apache-2.0",
      "dependencies": {
        "@types/node": "*",
        "playwright-core": "1.37.0"
      },
      "bin": {
        "playwright": "cli.js"
      },
      "engines": {
        "node": ">=16"
      },
      "optionalDependencies": {
        "fsevents": "2.3.2"
      }
    },
    "../../common/temp/node_modules/.pnpm/@types+fs-extra@11.0.1/node_modules/@types/fs-extra": {
      "version": "11.0.1",
      "dev": true,
      "license": "MIT",
      "dependencies": {
        "@types/jsonfile": "*",
        "@types/node": "*"
      }
    },
    "../../common/temp/node_modules/.pnpm/@types+node@20.4.7/node_modules/@types/node": {
      "version": "20.4.7",
      "extraneous": true,
      "license": "MIT"
    },
    "../../common/temp/node_modules/.pnpm/@types+unzipper@0.10.6/node_modules/@types/unzipper": {
      "version": "0.10.6",
      "dev": true,
      "license": "MIT",
      "dependencies": {
        "@types/node": "*"
      }
    },
    "../../common/temp/node_modules/.pnpm/@typescript-eslint+eslint-plugin@5.48.2_4xmb43va63miqtbpmevsblgkra/node_modules/@typescript-eslint/eslint-plugin": {
      "version": "5.48.2",
      "dev": true,
      "license": "MIT",
      "dependencies": {
        "@typescript-eslint/scope-manager": "5.48.2",
        "@typescript-eslint/type-utils": "5.48.2",
        "@typescript-eslint/utils": "5.48.2",
        "debug": "^4.3.4",
        "ignore": "^5.2.0",
        "natural-compare-lite": "^1.4.0",
        "regexpp": "^3.2.0",
        "semver": "^7.3.7",
        "tsutils": "^3.21.0"
      },
      "devDependencies": {
        "@types/debug": "*",
        "@types/json-schema": "*",
        "@types/marked": "*",
        "@types/natural-compare-lite": "^1.4.0",
        "@types/prettier": "*",
        "chalk": "^5.0.1",
        "cross-fetch": "^3.1.5",
        "json-schema": "*",
        "markdown-table": "^3.0.2",
        "marked": "^4.0.15",
        "prettier": "*",
        "title-case": "^3.0.3",
        "typescript": "*"
      },
      "engines": {
        "node": "^12.22.0 || ^14.17.0 || >=16.0.0"
      },
      "funding": {
        "type": "opencollective",
        "url": "https://opencollective.com/typescript-eslint"
      },
      "peerDependencies": {
        "@typescript-eslint/parser": "^5.0.0",
        "eslint": "^6.0.0 || ^7.0.0 || ^8.0.0"
      },
      "peerDependenciesMeta": {
        "typescript": {
          "optional": true
        }
      }
    },
    "../../common/temp/node_modules/.pnpm/@typescript-eslint+parser@5.48.2_typescript@4.9.5/node_modules/@typescript-eslint/parser": {
      "version": "5.48.2",
      "dev": true,
      "license": "BSD-2-Clause",
      "dependencies": {
        "@typescript-eslint/scope-manager": "5.48.2",
        "@typescript-eslint/types": "5.48.2",
        "@typescript-eslint/typescript-estree": "5.48.2",
        "debug": "^4.3.4"
      },
      "devDependencies": {
        "@types/glob": "*",
        "glob": "*",
        "typescript": "*"
      },
      "engines": {
        "node": "^12.22.0 || ^14.17.0 || >=16.0.0"
      },
      "funding": {
        "type": "opencollective",
        "url": "https://opencollective.com/typescript-eslint"
      },
      "peerDependencies": {
        "eslint": "^6.0.0 || ^7.0.0 || ^8.0.0"
      },
      "peerDependenciesMeta": {
        "typescript": {
          "optional": true
        }
      }
    },
    "../../common/temp/node_modules/.pnpm/@vscode+vsce@2.20.1/node_modules/@vscode/vsce": {
      "version": "2.20.1",
      "license": "MIT",
      "dependencies": {
        "azure-devops-node-api": "^11.0.1",
        "chalk": "^2.4.2",
        "cheerio": "^1.0.0-rc.9",
        "commander": "^6.1.0",
        "glob": "^7.0.6",
        "hosted-git-info": "^4.0.2",
        "jsonc-parser": "^3.2.0",
        "leven": "^3.1.0",
        "markdown-it": "^12.3.2",
        "mime": "^1.3.4",
        "minimatch": "^3.0.3",
        "parse-semver": "^1.1.1",
        "read": "^1.0.7",
        "semver": "^7.5.2",
        "tmp": "^0.2.1",
        "typed-rest-client": "^1.8.4",
        "url-join": "^4.0.1",
        "xml2js": "^0.5.0",
        "yauzl": "^2.3.1",
        "yazl": "^2.2.2"
      },
      "bin": {
        "vsce": "vsce"
      },
      "devDependencies": {
        "@microsoft/api-extractor": "^7.33.7",
        "@types/cheerio": "^0.22.29",
        "@types/glob": "^7.1.1",
        "@types/hosted-git-info": "^3.0.2",
        "@types/markdown-it": "^0.0.2",
        "@types/mime": "^1",
        "@types/minimatch": "^3.0.3",
        "@types/mocha": "^7.0.2",
        "@types/node": "^14.17.32",
        "@types/read": "^0.0.28",
        "@types/semver": "^6.0.0",
        "@types/tmp": "^0.2.2",
        "@types/url-join": "^4.0.1",
        "@types/xml2js": "^0.4.4",
        "@types/yauzl": "^2.9.2",
        "@types/yazl": "^2.4.2",
        "mocha": "^9.2.0",
        "source-map-support": "^0.4.2",
        "ts-node": "^10.9.1",
        "typescript": "^4.3.2"
      },
      "engines": {
        "node": ">= 14"
      },
      "optionalDependencies": {
        "keytar": "^7.7.0"
      }
    },
    "../../common/temp/node_modules/.pnpm/compare-versions@6.0.0/node_modules/compare-versions": {
      "version": "6.0.0",
      "license": "MIT",
      "devDependencies": {
        "@types/mocha": "^10.0.1",
        "c8": "^7.10.0",
        "mocha": "^10.0.0",
        "rollup": "^3.7.4",
        "ts-node": "^10.7.0",
        "typescript": "^4.6.3"
      }
    },
    "../../common/temp/node_modules/.pnpm/fs-extra@11.1.1/node_modules/fs-extra": {
      "version": "11.1.1",
      "license": "MIT",
      "dependencies": {
        "graceful-fs": "^4.2.0",
        "jsonfile": "^6.0.1",
        "universalify": "^2.0.0"
      },
      "devDependencies": {
        "klaw": "^2.1.1",
        "klaw-sync": "^3.0.2",
        "minimist": "^1.1.1",
        "mocha": "^10.1.0",
        "nyc": "^15.0.0",
        "proxyquire": "^2.0.1",
        "read-dir-files": "^0.1.1",
        "standard": "^17.0.0"
      },
      "engines": {
        "node": ">=14.14"
      }
    },
    "../../common/temp/node_modules/.pnpm/got@13.0.0/node_modules/got": {
      "version": "13.0.0",
      "license": "MIT",
      "dependencies": {
        "@sindresorhus/is": "^5.2.0",
        "@szmarczak/http-timer": "^5.0.1",
        "cacheable-lookup": "^7.0.0",
        "cacheable-request": "^10.2.8",
        "decompress-response": "^6.0.0",
        "form-data-encoder": "^2.1.2",
        "get-stream": "^6.0.1",
        "http2-wrapper": "^2.1.10",
        "lowercase-keys": "^3.0.0",
        "p-cancelable": "^3.0.0",
        "responselike": "^3.0.0"
      },
      "devDependencies": {
        "@hapi/bourne": "^3.0.0",
        "@sindresorhus/tsconfig": "^3.0.1",
        "@sinonjs/fake-timers": "^10.0.2",
        "@types/benchmark": "^2.1.2",
        "@types/express": "^4.17.17",
        "@types/node": "^18.14.5",
        "@types/pem": "^1.9.6",
        "@types/pify": "^5.0.1",
        "@types/readable-stream": "^2.3.13",
        "@types/request": "^2.48.8",
        "@types/sinon": "^10.0.11",
        "@types/sinonjs__fake-timers": "^8.1.1",
        "@types/tough-cookie": "^4.0.1",
        "ava": "^5.2.0",
        "axios": "^0.27.2",
        "benchmark": "^2.1.4",
        "bluebird": "^3.7.2",
        "body-parser": "^1.20.2",
        "create-cert": "^1.0.6",
        "create-test-server": "^3.0.1",
        "del-cli": "^5.0.0",
        "delay": "^5.0.0",
        "express": "^4.17.3",
        "form-data": "^4.0.0",
        "formdata-node": "^5.0.0",
        "nock": "^13.3.0",
        "node-fetch": "^3.2.3",
        "np": "^7.6.0",
        "nyc": "^15.1.0",
        "p-event": "^5.0.1",
        "pem": "^1.14.6",
        "pify": "^6.0.0",
        "readable-stream": "^4.2.0",
        "request": "^2.88.2",
        "sinon": "^15.0.1",
        "slow-stream": "0.0.4",
        "tempy": "^3.0.0",
        "then-busboy": "^5.2.1",
        "tough-cookie": "4.1.2",
        "ts-node": "^10.8.2",
        "type-fest": "^3.6.1",
        "typescript": "^5.0.4",
        "xo": "^0.54.2"
      },
      "engines": {
        "node": ">=16"
      },
      "funding": {
        "url": "https://github.com/sindresorhus/got?sponsor=1"
      }
    },
    "../../common/temp/node_modules/.pnpm/hpagent@1.2.0/node_modules/hpagent": {
      "version": "1.2.0",
      "license": "MIT",
      "devDependencies": {
        "ava": "^4.2.0",
        "got": "^11.8.3",
        "needle": "^3.1.0",
        "node-fetch": "^2.6.7",
        "proxy": "^1.0.2",
        "simple-get": "^4.0.1",
        "standard": "^17.0.0",
        "tsd": "^0.24.1"
      },
      "engines": {
        "node": ">=14"
      }
    },
    "../../common/temp/node_modules/.pnpm/targz@1.0.1/node_modules/targz": {
      "version": "1.0.1",
      "license": "MIT",
      "dependencies": {
        "tar-fs": "^1.8.1"
      }
    },
    "../../common/temp/node_modules/.pnpm/typescript@4.9.5/node_modules/typescript": {
      "version": "4.9.5",
      "dev": true,
      "license": "Apache-2.0",
      "bin": {
        "tsc": "bin/tsc",
        "tsserver": "bin/tsserver"
      },
      "devDependencies": {
        "@octokit/rest": "latest",
        "@types/chai": "latest",
        "@types/fancy-log": "^2.0.0",
        "@types/fs-extra": "^9.0.13",
        "@types/glob": "latest",
        "@types/gulp": "^4.0.9",
        "@types/gulp-concat": "latest",
        "@types/gulp-newer": "latest",
        "@types/gulp-rename": "latest",
        "@types/gulp-sourcemaps": "latest",
        "@types/merge2": "latest",
        "@types/microsoft__typescript-etw": "latest",
        "@types/minimist": "latest",
        "@types/mkdirp": "latest",
        "@types/mocha": "latest",
        "@types/ms": "latest",
        "@types/node": "latest",
        "@types/source-map-support": "latest",
        "@types/which": "^2.0.1",
        "@types/xml2js": "^0.4.11",
        "@typescript-eslint/eslint-plugin": "^5.33.1",
        "@typescript-eslint/parser": "^5.33.1",
        "@typescript-eslint/utils": "^5.33.1",
        "azure-devops-node-api": "^11.2.0",
        "chai": "latest",
        "chalk": "^4.1.2",
        "del": "^6.1.1",
        "diff": "^5.1.0",
        "eslint": "^8.22.0",
        "eslint-formatter-autolinkable-stylish": "^1.2.0",
        "eslint-plugin-import": "^2.26.0",
        "eslint-plugin-jsdoc": "^39.3.6",
        "eslint-plugin-local": "^1.0.0",
        "eslint-plugin-no-null": "^1.0.2",
        "fancy-log": "latest",
        "fs-extra": "^9.1.0",
        "glob": "latest",
        "gulp": "^4.0.2",
        "gulp-concat": "latest",
        "gulp-insert": "latest",
        "gulp-newer": "latest",
        "gulp-rename": "latest",
        "gulp-sourcemaps": "latest",
        "merge2": "latest",
        "minimist": "latest",
        "mkdirp": "latest",
        "mocha": "latest",
        "mocha-fivemat-progress-reporter": "latest",
        "ms": "^2.1.3",
        "node-fetch": "^3.2.10",
        "source-map-support": "latest",
        "typescript": "^4.8.4",
        "vinyl": "latest",
        "which": "^2.0.2",
        "xml2js": "^0.4.23"
      },
      "engines": {
        "node": ">=4.2.0"
      }
    },
    "../../common/temp/node_modules/.pnpm/unzipper@0.10.14/node_modules/unzipper": {
      "version": "0.10.14",
      "license": "MIT",
      "dependencies": {
        "big-integer": "^1.6.17",
        "binary": "~0.3.0",
        "bluebird": "~3.4.1",
        "buffer-indexof-polyfill": "~1.0.0",
        "duplexer2": "~0.1.4",
        "fstream": "^1.0.12",
        "graceful-fs": "^4.2.2",
        "listenercount": "~1.0.1",
        "readable-stream": "~2.3.6",
        "setimmediate": "~1.0.4"
      },
      "devDependencies": {
        "aws-sdk": "^2.77.0",
        "dirdiff": ">= 0.0.1 < 1",
        "iconv-lite": "^0.4.24",
        "request": "^2.88.0",
        "stream-buffers": ">= 0.2.5 < 1",
        "tap": ">= 0.3.0 < 1",
        "temp": ">= 0.4.0 < 1"
      }
    },
    "node_modules/@playwright/test": {
      "resolved": "../../common/temp/node_modules/.pnpm/@playwright+test@1.37.0/node_modules/@playwright/test",
      "link": true
    },
    "node_modules/@types/fs-extra": {
      "resolved": "../../common/temp/node_modules/.pnpm/@types+fs-extra@11.0.1/node_modules/@types/fs-extra",
      "link": true
    },
    "node_modules/@types/node": {
      "version": "20.4.10",
      "resolved": "https://registry.npmjs.org/@types/node/-/node-20.4.10.tgz",
      "integrity": "sha512-vwzFiiy8Rn6E0MtA13/Cxxgpan/N6UeNYR9oUu6kuJWxu6zCk98trcDp8CBhbtaeuq9SykCmXkFr2lWLoPcvLg==",
      "dev": true
    },
    "node_modules/@types/unzipper": {
      "resolved": "../../common/temp/node_modules/.pnpm/@types+unzipper@0.10.6/node_modules/@types/unzipper",
      "link": true
    },
    "node_modules/@typescript-eslint/eslint-plugin": {
      "resolved": "../../common/temp/node_modules/.pnpm/@typescript-eslint+eslint-plugin@5.48.2_4xmb43va63miqtbpmevsblgkra/node_modules/@typescript-eslint/eslint-plugin",
      "link": true
    },
    "node_modules/@typescript-eslint/parser": {
      "resolved": "../../common/temp/node_modules/.pnpm/@typescript-eslint+parser@5.48.2_typescript@4.9.5/node_modules/@typescript-eslint/parser",
      "link": true
    },
    "node_modules/@vscode/vsce": {
      "resolved": "../../common/temp/node_modules/.pnpm/@vscode+vsce@2.20.1/node_modules/@vscode/vsce",
      "link": true
    },
    "node_modules/compare-versions": {
      "resolved": "../../common/temp/node_modules/.pnpm/compare-versions@6.0.0/node_modules/compare-versions",
      "link": true
    },
    "node_modules/fs-extra": {
      "resolved": "../../common/temp/node_modules/.pnpm/fs-extra@11.1.1/node_modules/fs-extra",
      "link": true
    },
    "node_modules/got": {
      "resolved": "../../common/temp/node_modules/.pnpm/got@13.0.0/node_modules/got",
      "link": true
    },
    "node_modules/hpagent": {
      "resolved": "../../common/temp/node_modules/.pnpm/hpagent@1.2.0/node_modules/hpagent",
      "link": true
    },
    "node_modules/targz": {
      "resolved": "../../common/temp/node_modules/.pnpm/targz@1.0.1/node_modules/targz",
      "link": true
    },
    "node_modules/typescript": {
      "resolved": "../../common/temp/node_modules/.pnpm/typescript@4.9.5/node_modules/typescript",
      "link": true
    },
    "node_modules/unzipper": {
      "resolved": "../../common/temp/node_modules/.pnpm/unzipper@0.10.14/node_modules/unzipper",
      "link": true
    }
  },
  "dependencies": {
    "@playwright/test": {
      "version": "file:../../common/temp/node_modules/.pnpm/@playwright+test@1.37.0/node_modules/@playwright/test",
      "requires": {
        "@types/node": "*",
        "fsevents": "2.3.2",
        "playwright-core": "1.37.0"
      }
    },
    "@types/fs-extra": {
      "version": "file:../../common/temp/node_modules/.pnpm/@types+fs-extra@11.0.1/node_modules/@types/fs-extra",
      "requires": {
        "@types/jsonfile": "*",
        "@types/node": "*"
      }
    },
    "@types/node": {
      "version": "20.4.10",
      "resolved": "https://registry.npmjs.org/@types/node/-/node-20.4.10.tgz",
      "integrity": "sha512-vwzFiiy8Rn6E0MtA13/Cxxgpan/N6UeNYR9oUu6kuJWxu6zCk98trcDp8CBhbtaeuq9SykCmXkFr2lWLoPcvLg==",
      "dev": true
    },
    "@types/unzipper": {
      "version": "file:../../common/temp/node_modules/.pnpm/@types+unzipper@0.10.6/node_modules/@types/unzipper",
      "requires": {
        "@types/node": "*"
      }
    },
    "@typescript-eslint/eslint-plugin": {
      "version": "file:../../common/temp/node_modules/.pnpm/@typescript-eslint+eslint-plugin@5.48.2_4xmb43va63miqtbpmevsblgkra/node_modules/@typescript-eslint/eslint-plugin",
      "requires": {
        "@types/debug": "*",
        "@types/json-schema": "*",
        "@types/marked": "*",
        "@types/natural-compare-lite": "^1.4.0",
        "@types/prettier": "*",
        "@typescript-eslint/scope-manager": "5.48.2",
        "@typescript-eslint/type-utils": "5.48.2",
        "@typescript-eslint/utils": "5.48.2",
        "chalk": "^5.0.1",
        "cross-fetch": "^3.1.5",
        "debug": "^4.3.4",
        "ignore": "^5.2.0",
        "json-schema": "*",
        "markdown-table": "^3.0.2",
        "marked": "^4.0.15",
        "natural-compare-lite": "^1.4.0",
        "prettier": "*",
        "regexpp": "^3.2.0",
        "semver": "^7.3.7",
        "title-case": "^3.0.3",
        "tsutils": "^3.21.0",
        "typescript": "*"
      }
    },
    "@typescript-eslint/parser": {
      "version": "file:../../common/temp/node_modules/.pnpm/@typescript-eslint+parser@5.48.2_typescript@4.9.5/node_modules/@typescript-eslint/parser",
      "requires": {
        "@types/glob": "*",
        "@typescript-eslint/scope-manager": "5.48.2",
        "@typescript-eslint/types": "5.48.2",
        "@typescript-eslint/typescript-estree": "5.48.2",
        "debug": "^4.3.4",
        "glob": "*",
        "typescript": "*"
      }
    },
    "@vscode/vsce": {
      "version": "file:../../common/temp/node_modules/.pnpm/@vscode+vsce@2.20.1/node_modules/@vscode/vsce",
      "requires": {
        "@microsoft/api-extractor": "^7.33.7",
        "@types/cheerio": "^0.22.29",
        "@types/glob": "^7.1.1",
        "@types/hosted-git-info": "^3.0.2",
        "@types/markdown-it": "^0.0.2",
        "@types/mime": "^1",
        "@types/minimatch": "^3.0.3",
        "@types/mocha": "^7.0.2",
        "@types/node": "^14.17.32",
        "@types/read": "^0.0.28",
        "@types/semver": "^6.0.0",
        "@types/tmp": "^0.2.2",
        "@types/url-join": "^4.0.1",
        "@types/xml2js": "^0.4.4",
        "@types/yauzl": "^2.9.2",
        "@types/yazl": "^2.4.2",
        "azure-devops-node-api": "^11.0.1",
        "chalk": "^2.4.2",
        "cheerio": "^1.0.0-rc.9",
        "commander": "^6.1.0",
        "glob": "^7.0.6",
        "hosted-git-info": "^4.0.2",
        "jsonc-parser": "^3.2.0",
        "keytar": "^7.7.0",
        "leven": "^3.1.0",
        "markdown-it": "^12.3.2",
        "mime": "^1.3.4",
        "minimatch": "^3.0.3",
        "mocha": "^9.2.0",
        "parse-semver": "^1.1.1",
        "read": "^1.0.7",
        "semver": "^7.5.2",
        "source-map-support": "^0.4.2",
        "tmp": "^0.2.1",
        "ts-node": "^10.9.1",
        "typed-rest-client": "^1.8.4",
        "typescript": "^4.3.2",
        "url-join": "^4.0.1",
        "xml2js": "^0.5.0",
        "yauzl": "^2.3.1",
        "yazl": "^2.2.2"
      }
    },
    "compare-versions": {
      "version": "file:../../common/temp/node_modules/.pnpm/compare-versions@6.0.0/node_modules/compare-versions",
      "requires": {
        "@types/mocha": "^10.0.1",
        "c8": "^7.10.0",
        "mocha": "^10.0.0",
        "rollup": "^3.7.4",
        "ts-node": "^10.7.0",
        "typescript": "^4.6.3"
      }
    },
    "fs-extra": {
      "version": "file:../../common/temp/node_modules/.pnpm/fs-extra@11.1.1/node_modules/fs-extra",
      "requires": {
        "graceful-fs": "^4.2.0",
        "jsonfile": "^6.0.1",
        "klaw": "^2.1.1",
        "klaw-sync": "^3.0.2",
        "minimist": "^1.1.1",
        "mocha": "^10.1.0",
        "nyc": "^15.0.0",
        "proxyquire": "^2.0.1",
        "read-dir-files": "^0.1.1",
        "standard": "^17.0.0",
        "universalify": "^2.0.0"
      }
    },
    "got": {
      "version": "file:../../common/temp/node_modules/.pnpm/got@13.0.0/node_modules/got",
      "requires": {
        "@hapi/bourne": "^3.0.0",
        "@sindresorhus/is": "^5.2.0",
        "@sindresorhus/tsconfig": "^3.0.1",
        "@sinonjs/fake-timers": "^10.0.2",
        "@szmarczak/http-timer": "^5.0.1",
        "@types/benchmark": "^2.1.2",
        "@types/express": "^4.17.17",
        "@types/node": "^18.14.5",
        "@types/pem": "^1.9.6",
        "@types/pify": "^5.0.1",
        "@types/readable-stream": "^2.3.13",
        "@types/request": "^2.48.8",
        "@types/sinon": "^10.0.11",
        "@types/sinonjs__fake-timers": "^8.1.1",
        "@types/tough-cookie": "^4.0.1",
        "ava": "^5.2.0",
        "axios": "^0.27.2",
        "benchmark": "^2.1.4",
        "bluebird": "^3.7.2",
        "body-parser": "^1.20.2",
        "cacheable-lookup": "^7.0.0",
        "cacheable-request": "^10.2.8",
        "create-cert": "^1.0.6",
        "create-test-server": "^3.0.1",
        "decompress-response": "^6.0.0",
        "del-cli": "^5.0.0",
        "delay": "^5.0.0",
        "express": "^4.17.3",
        "form-data": "^4.0.0",
        "form-data-encoder": "^2.1.2",
        "formdata-node": "^5.0.0",
        "get-stream": "^6.0.1",
        "http2-wrapper": "^2.1.10",
        "lowercase-keys": "^3.0.0",
        "nock": "^13.3.0",
        "node-fetch": "^3.2.3",
        "np": "^7.6.0",
        "nyc": "^15.1.0",
        "p-cancelable": "^3.0.0",
        "p-event": "^5.0.1",
        "pem": "^1.14.6",
        "pify": "^6.0.0",
        "readable-stream": "^4.2.0",
        "request": "^2.88.2",
        "responselike": "^3.0.0",
        "sinon": "^15.0.1",
        "slow-stream": "0.0.4",
        "tempy": "^3.0.0",
        "then-busboy": "^5.2.1",
        "tough-cookie": "4.1.2",
        "ts-node": "^10.8.2",
        "type-fest": "^3.6.1",
        "typescript": "^5.0.4",
        "xo": "^0.54.2"
      }
    },
    "hpagent": {
      "version": "file:../../common/temp/node_modules/.pnpm/hpagent@1.2.0/node_modules/hpagent",
      "requires": {
        "ava": "^4.2.0",
        "got": "^11.8.3",
        "needle": "^3.1.0",
        "node-fetch": "^2.6.7",
        "proxy": "^1.0.2",
        "simple-get": "^4.0.1",
        "standard": "^17.0.0",
        "tsd": "^0.24.1"
      }
    },
    "targz": {
      "version": "file:../../common/temp/node_modules/.pnpm/targz@1.0.1/node_modules/targz",
      "requires": {
        "tar-fs": "^1.8.1"
      }
    },
    "typescript": {
      "version": "file:../../common/temp/node_modules/.pnpm/typescript@4.9.5/node_modules/typescript",
      "requires": {
        "@octokit/rest": "latest",
        "@types/chai": "latest",
        "@types/fancy-log": "^2.0.0",
        "@types/fs-extra": "^9.0.13",
        "@types/glob": "latest",
        "@types/gulp": "^4.0.9",
        "@types/gulp-concat": "latest",
        "@types/gulp-newer": "latest",
        "@types/gulp-rename": "latest",
        "@types/gulp-sourcemaps": "latest",
        "@types/merge2": "latest",
        "@types/microsoft__typescript-etw": "latest",
        "@types/minimist": "latest",
        "@types/mkdirp": "latest",
        "@types/mocha": "latest",
        "@types/ms": "latest",
        "@types/node": "latest",
        "@types/source-map-support": "latest",
        "@types/which": "^2.0.1",
        "@types/xml2js": "^0.4.11",
        "@typescript-eslint/eslint-plugin": "^5.33.1",
        "@typescript-eslint/parser": "^5.33.1",
        "@typescript-eslint/utils": "^5.33.1",
        "azure-devops-node-api": "^11.2.0",
        "chai": "latest",
        "chalk": "^4.1.2",
        "del": "^6.1.1",
        "diff": "^5.1.0",
        "eslint": "^8.22.0",
        "eslint-formatter-autolinkable-stylish": "^1.2.0",
        "eslint-plugin-import": "^2.26.0",
        "eslint-plugin-jsdoc": "^39.3.6",
        "eslint-plugin-local": "^1.0.0",
        "eslint-plugin-no-null": "^1.0.2",
        "fancy-log": "latest",
        "fs-extra": "^9.1.0",
        "glob": "latest",
        "gulp": "^4.0.2",
        "gulp-concat": "latest",
        "gulp-insert": "latest",
        "gulp-newer": "latest",
        "gulp-rename": "latest",
        "gulp-sourcemaps": "latest",
        "merge2": "latest",
        "minimist": "latest",
        "mkdirp": "latest",
        "mocha": "latest",
        "mocha-fivemat-progress-reporter": "latest",
        "ms": "^2.1.3",
        "node-fetch": "^3.2.10",
        "source-map-support": "latest",
        "typescript": "^4.8.4",
        "vinyl": "latest",
        "which": "^2.0.2",
        "xml2js": "^0.4.23"
      }
    },
    "unzipper": {
      "version": "file:../../common/temp/node_modules/.pnpm/unzipper@0.10.14/node_modules/unzipper",
      "requires": {
        "aws-sdk": "^2.77.0",
        "big-integer": "^1.6.17",
        "binary": "~0.3.0",
        "bluebird": "~3.4.1",
        "buffer-indexof-polyfill": "~1.0.0",
        "dirdiff": ">= 0.0.1 < 1",
        "duplexer2": "~0.1.4",
        "fstream": "^1.0.12",
        "graceful-fs": "^4.2.2",
        "iconv-lite": "^0.4.24",
        "listenercount": "~1.0.1",
        "readable-stream": "~2.3.6",
        "request": "^2.88.0",
        "setimmediate": "~1.0.4",
        "stream-buffers": ">= 0.2.5 < 1",
        "tap": ">= 0.3.0 < 1",
        "temp": ">= 0.4.0 < 1"
      }
    }
  }
}
